// !$*UTF8*$!
{
	archiveVersion = 1;
	classes = {
	};
	objectVersion = 46;
	objects = {

/* Begin PBXBuildFile section */
		7E2B65C61EAF9C690010D4DF /* main.m in Sources */ = {isa = PBXBuildFile; fileRef = 7E2B65C51EAF9C690010D4DF /* main.m */; };
		7E2B65E11EAF9CAE0010D4DF /* TLPeople.m in Sources */ = {isa = PBXBuildFile; fileRef = 7E2B65E01EAF9CAE0010D4DF /* TLPeople.m */; };
		7E2B65E71EAF9CE60010D4DF /* TLBird.m in Sources */ = {isa = PBXBuildFile; fileRef = 7E2B65E61EAF9CE60010D4DF /* TLBird.m */; };
/* End PBXBuildFile section */

/* Begin PBXCopyFilesBuildPhase section */
		7E2B65C01EAF9C690010D4DF /* CopyFiles */ = {
			isa = PBXCopyFilesBuildPhase;
			buildActionMask = 2147483647;
			dstPath = /usr/share/man/man1/;
			dstSubfolderSpec = 0;
			files = (
			);
			runOnlyForDeploymentPostprocessing = 1;
		};
/* End PBXCopyFilesBuildPhase section */

/* Begin PBXFileReference section */
		7E2B65C21EAF9C690010D4DF /* TLSample007 */ = {isa = PBXFileReference; explicitFileType = "compiled.mach-o.executable"; includeInIndex = 0; path = TLSample007; sourceTree = BUILT_PRODUCTS_DIR; };
		7E2B65C51EAF9C690010D4DF /* main.m */ = {isa = PBXFileReference; lastKnownFileType = sourcecode.c.objc; path = main.m; sourceTree = "<group>"; };
		7E2B65DF1EAF9CAE0010D4DF /* TLPeople.h */ = {isa = PBXFileReference; fileEncoding = 4; lastKnownFileType = sourcecode.c.h; path = TLPeople.h; sourceTree = "<group>"; };
		7E2B65E01EAF9CAE0010D4DF /* TLPeople.m */ = {isa = PBXFileReference; fileEncoding = 4; lastKnownFileType = sourcecode.c.objc; path = TLPeople.m; sourceTree = "<group>"; };
		7E2B65E51EAF9CE60010D4DF /* TLBird.h */ = {isa = PBXFileReference; fileEncoding = 4; lastKnownFileType = sourcecode.c.h; path = TLBird.h; sourceTree = "<group>"; };
		7E2B65E61EAF9CE60010D4DF /* TLBird.m */ = {isa = PBXFileReference; fileEncoding = 4; lastKnownFileType = sourcecode.c.objc; path = TLBird.m; sourceTree = "<group>"; };
/* End PBXFileReference section */

/* Begin PBXFrameworksBuildPhase section */
		7E2B65BF1EAF9C690010D4DF /* Frameworks */ = {
			isa = PBXFrameworksBuildPhase;
			buildActionMask = 2147483647;
			files = (
			);
			runOnlyForDeploymentPostprocessing = 0;
		};
/* End PBXFrameworksBuildPhase section */

/* Begin PBXGroup section */
		7E2B65B91EAF9C690010D4DF = {
			isa = PBXGroup;
			children = (
				7E2B65C41EAF9C690010D4DF /* TLSample007 */,
				7E2B65C31EAF9C690010D4DF /* Products */,
			);
			sourceTree = "<group>";
		};
		7E2B65C31EAF9C690010D4DF /* Products */ = {
			isa = PBXGroup;
			children = (
				7E2B65C21EAF9C690010D4DF /* TLSample007 */,
			);
			name = Products;
			sourceTree = "<group>";
		};
		7E2B65C41EAF9C690010D4DF /* TLSample007 */ = {
			isa = PBXGroup;
			children = (
				7E2B65DF1EAF9CAE0010D4DF /* TLPeople.h */,
				7E2B65E01EAF9CAE0010D4DF /* TLPeople.m */,
				7E2B65E51EAF9CE60010D4DF /* TLBird.h */,
				7E2B65E61EAF9CE60010D4DF /* TLBird.m */,
				7E2B65C51EAF9C690010D4DF /* main.m */,
			);
			path = TLSample007;
			sourceTree = "<group>";
		};
/* End PBXGroup section */

/* Begin PBXNativeTarget section */
		7E2B65C11EAF9C690010D4DF /* TLSample007 */ = {
			isa = PBXNativeTarget;
			buildConfigurationList = 7E2B65C91EAF9C690010D4DF /* Build configuration list for PBXNativeTarget "TLSample007" */;
			buildPhases = (
				7E2B65BE1EAF9C690010D4DF /* Sources */,
				7E2B65BF1EAF9C690010D4DF /* Frameworks */,
				7E2B65C01EAF9C690010D4DF /* CopyFiles */,
			);
			buildRules = (
			);
			dependencies = (
			);
			name = TLSample007;
			productName = TLSample007;
			productReference = 7E2B65C21EAF9C690010D4DF /* TLSample007 */;
			productType = "com.apple.product-type.tool";
		};
/* End PBXNativeTarget section */

/* Begin PBXProject section */
		7E2B65BA1EAF9C690010D4DF /* Project object */ = {
			isa = PBXProject;
			attributes = {
				LastUpgradeCheck = 0820;
				ORGANIZATIONNAME = lichuanjun;
				TargetAttributes = {
					7E2B65C11EAF9C690010D4DF = {
						CreatedOnToolsVersion = 8.2;
						ProvisioningStyle = Automatic;
					};
				};
			};
			buildConfigurationList = 7E2B65BD1EAF9C690010D4DF /* Build configuration list for PBXProject "TLSample007" */;
			compatibilityVersion = "Xcode 3.2";
			developmentRegion = English;
			hasScannedForEncodings = 0;
			knownRegions = (
				en,
			);
			mainGroup = 7E2B65B91EAF9C690010D4DF;
			productRefGroup = 7E2B65C31EAF9C690010D4DF /* Products */;
			projectDirPath = "";
			projectRoot = "";
			targets = (
				7E2B65C11EAF9C690010D4DF /* TLSample007 */,
			);
		};
/* End PBXProject section */

/* Begin PBXSourcesBuildPhase section */
		7E2B65BE1EAF9C690010D4DF /* Sources */ = {
			isa = PBXSourcesBuildPhase;
			buildActionMask = 2147483647;
			files = (
				7E2B65E11EAF9CAE0010D4DF /* TLPeople.m in Sources */,
				7E2B65C61EAF9C690010D4DF /* main.m in Sources */,
				7E2B65E71EAF9CE60010D4DF /* TLBird.m in Sources */,
			);
			runOnlyForDeploymentPostprocessing = 0;
		};
/* End PBXSourcesBuildPhase section */

/* Begin XCBuildConfiguration section */
		7E2B65C71EAF9C690010D4DF /* Debug */ = {
			isa = XCBuildConfiguration;
			buildSettings = {
				ALWAYS_SEARCH_USER_PATHS = NO;
				CLANG_ANALYZER_NONNULL = YES;
				CLANG_CXX_LANGUAGE_STANDARD = "gnu++0x";
				CLANG_CXX_LIBRARY = "libc++";
				CLANG_ENABLE_MODULES = YES;
				CLANG_ENABLE_OBJC_ARC = YES;
				CLANG_WARN_BOOL_CONVERSION = YES;
				CLANG_WARN_CONSTANT_CONVERSION = YES;
				CLANG_WARN_DIRECT_OBJC_ISA_USAGE = YES_ERROR;
				CLANG_WARN_DOCUMENTATION_COMMENTS = YES;
				CLANG_WARN_EMPTY_BODY = YES;
				CLANG_WARN_ENUM_CONVERSION = YES;
				CLANG_WARN_INFINITE_RECURSION = YES;
				CLANG_WARN_INT_CONVERSION = YES;
				CLANG_WARN_OBJC_ROOT_CLASS = YES_ERROR;
				CLANG_WARN_SUSPICIOUS_MOVE = YES;
				CLANG_WARN_UNREACHABLE_CODE = YES;
				CLANG_WARN__DUPLICATE_METHOD_MATCH = YES;
				CODE_SIGN_IDENTITY = "-";
				COPY_PHASE_STRIP = NO;
				DEBUG_INFORMATION_FORMAT = dwarf;
				ENABLE_STRICT_OBJC_MSGSEND = YES;
				ENABLE_TESTABILITY = YES;
				GCC_C_LANGUAGE_STANDARD = gnu99;
				GCC_DYNAMIC_NO_PIC = NO;
				GCC_NO_COMMON_BLOCKS = YES;
				GCC_OPTIMIZATION_LEVEL = 0;
				GCC_PREPROCESSOR_DEFINITIONS = (
					"DEBUG=1",
					"$(inherited)",
				);
				GCC_WARN_64_TO_32_BIT_CONVERSION = YES;
				GCC_WARN_ABOUT_RETURN_TYPE = YES_ERROR;
				GCC_WARN_UNDECLARED_SELECTOR = YES;
				GCC_WARN_UNINITIALIZED_AUTOS = YES_AGGRESSIVE;
				GCC_WARN_UNUSED_FUNCTION = YES;
				GCC_WARN_UNUSED_VARIABLE = YES;
				MACOSX_DEPLOYMENT_TARGET = 10.12;
				MTL_ENABLE_DEBUG_INFO = YES;
				ONLY_ACTIVE_ARCH = YES;
				SDKROOT = macosx;
			};
			name = Debug;
		};
		7E2B65C81EAF9C690010D4DF /* Release */ = {
			isa = XCBuildConfiguration;
			buildSettings = {
				ALWAYS_SEARCH_USER_PATHS = NO;
				CLANG_ANALYZER_NONNULL = YES;
				CLANG_CXX_LANGUAGE_STANDARD = "gnu++0x";
				CLANG_CXX_LIBRARY = "libc++";
				CLANG_ENABLE_MODULES = YES;
				CLANG_ENABLE_OBJC_ARC = YES;
				CLANG_WARN_BOOL_CONVERSION = YES;
				CLANG_WARN_CONSTANT_CONVERSION = YES;
				CLANG_WARN_DIRECT_OBJC_ISA_USAGE = YES_ERROR;
				CLANG_WARN_DOCUMENTATION_COMMENTS = YES;
				CLANG_WARN_EMPTY_BODY = YES;
				CLANG_WARN_ENUM_CONVERSION = YES;
				CLANG_WARN_INFINITE_RECURSION = YES;
				CLANG_WARN_INT_CONVERSION = YES;
				CLANG_WARN_OBJC_ROOT_CLASS = YES_ERROR;
				CLANG_WARN_SUSPICIOUS_MOVE = YES;
				CLANG_WARN_UNREACHABLE_CODE = YES;
				CLANG_WARN__DUPLICATE_METHOD_MATCH = YES;
				CODE_SIGN_IDENTITY = "-";
				COPY_PHASE_STRIP = NO;
				DEBUG_INFORMATION_FORMAT = "dwarf-with-dsym";
				ENABLE_NS_ASSERTIONS = NO;
				ENABLE_STRICT_OBJC_MSGSEND = YES;
				GCC_C_LANGUAGE_STANDARD = gnu99;
				GCC_NO_COMMON_BLOCKS = YES;
				GCC_WARN_64_TO_32_BIT_CONVERSION = YES;
				GCC_WARN_ABOUT_RETURN_TYPE = YES_ERROR;
				GCC_WARN_UNDECLARED_SELECTOR = YES;
				GCC_WARN_UNINITIALIZED_AUTOS = YES_AGGRESSIVE;
				GCC_WARN_UNUSED_FUNCTION = YES;
				GCC_WARN_UNUSED_VARIABLE = YES;
				MACOSX_DEPLOYMENT_TARGET = 10.12;
				MTL_ENABLE_DEBUG_INFO = NO;
				SDKROOT = macosx;
			};
			name = Release;
		};
		7E2B65CA1EAF9C690010D4DF /* Debug */ = {
			isa = XCBuildConfiguration;
			buildSettings = {
				PRODUCT_NAME = "$(TARGET_NAME)";
			};
			name = Debug;
		};
		7E2B65CB1EAF9C690010D4DF /* Release */ = {
			isa = XCBuildConfiguration;
			buildSettings = {
				PRODUCT_NAME = "$(TARGET_NAME)";
			};
			name = Release;
		};
/* End XCBuildConfiguration section */

/* Begin XCConfigurationList section */
		7E2B65BD1EAF9C690010D4DF /* Build configuration list for PBXProject "TLSample007" */ = {
			isa = XCConfigurationList;
			buildConfigurations = (
				7E2B65C71EAF9C690010D4DF /* Debug */,
				7E2B65C81EAF9C690010D4DF /* Release */,
			);
			defaultConfigurationIsVisible = 0;
			defaultConfigurationName = Release;
		};
		7E2B65C91EAF9C690010D4DF /* Build configuration list for PBXNativeTarget "TLSample007" */ = {
			isa = XCConfigurationList;
			buildConfigurations = (
				7E2B65CA1EAF9C690010D4DF /* Debug */,
				7E2B65CB1EAF9C690010D4DF /* Release */,
			);
			defaultConfigurationIsVisible = 0;
		};
/* End XCConfigurationList section */
	};
	rootObject = 7E2B65BA1EAF9C690010D4DF /* Project object */;
}
